
Microsoft Visual Studio Solution File, Format Version 12.00
# Visual Studio 2012
Project("{FAE04EC0-301F-11D3-BF4B-00C04F79EFBC}") = "WebStore", "WebStore\WebStore.csproj", "{A08AF9B3-97F6-4560-A432-2A9B8B2CDE70}"
EndProject
Project("{FAE04EC0-301F-11D3-BF4B-00C04F79EFBC}") = "WebStoreData", "WebStoreData\WebStoreData.csproj", "{BDFE9C08-CDA1-44FE-8241-F12593548EE8}"
EndProject
Project("{FAE04EC0-301F-11D3-BF4B-00C04F79EFBC}") = "WebStore.Admin", "WebStore.Admin\WebStore.Admin.csproj", "{51AFCAB1-710B-4EC0-A593-915B296AFC69}"
EndProject
Project("{FAE04EC0-301F-11D3-BF4B-00C04F79EFBC}") = "WebStore.Model", "WebStore.Model\WebStore.Model.csproj", "{69E29EAB-DBBD-4BE8-ACB3-0F0A451B9F93}"
EndProject
Global
	GlobalSection(SolutionConfigurationPlatforms) = preSolution
		Debug|Any CPU = Debug|Any CPU
		Release|Any CPU = Release|Any CPU
	EndGlobalSection
	GlobalSection(ProjectConfigurationPlatforms) = postSolution
		{A08AF9B3-97F6-4560-A432-2A9B8B2CDE70}.Debug|Any CPU.ActiveCfg = Debug|Any CPU
		{A08AF9B3-97F6-4560-A432-2A9B8B2CDE70}.Debug|Any CPU.Build.0 = Debug|Any CPU
		{A08AF9B3-97F6-4560-A432-2A9B8B2CDE70}.Release|Any CPU.ActiveCfg = Release|Any CPU
		{A08AF9B3-97F6-4560-A432-2A9B8B2CDE70}.Release|Any CPU.Build.0 = Release|Any CPU
		{BDFE9C08-CDA1-44FE-8241-F12593548EE8}.Debug|Any CPU.ActiveCfg = Debug|Any CPU
		{BDFE9C08-CDA1-44FE-8241-F12593548EE8}.Debug|Any CPU.Build.0 = Debug|Any CPU
		{BDFE9C08-CDA1-44FE-8241-F12593548EE8}.Release|Any CPU.ActiveCfg = Release|Any CPU
		{BDFE9C08-CDA1-44FE-8241-F12593548EE8}.Release|Any CPU.Build.0 = Release|Any CPU
		{51AFCAB1-710B-4EC0-A593-915B296AFC69}.Debug|Any CPU.ActiveCfg = Debug|Any CPU
		{51AFCAB1-710B-4EC0-A593-915B296AFC69}.Debug|Any CPU.Build.0 = Debug|Any CPU
		{51AFCAB1-710B-4EC0-A593-915B296AFC69}.Release|Any CPU.ActiveCfg = Release|Any CPU
		{51AFCAB1-710B-4EC0-A593-915B296AFC69}.Release|Any CPU.Build.0 = Release|Any CPU
		{69E29EAB-DBBD-4BE8-ACB3-0F0A451B9F93}.Debug|Any CPU.ActiveCfg = Debug|Any CPU
		{69E29EAB-DBBD-4BE8-ACB3-0F0A451B9F93}.Debug|Any CPU.Build.0 = Debug|Any CPU
		{69E29EAB-DBBD-4BE8-ACB3-0F0A451B9F93}.Release|Any CPU.ActiveCfg = Release|Any CPU
		{69E29EAB-DBBD-4BE8-ACB3-0F0A451B9F93}.Release|Any CPU.Build.0 = Release|Any CPU
	EndGlobalSection
	GlobalSection(SolutionProperties) = preSolution
		HideSolutionNode = FALSE
	EndGlobalSection
	GlobalSection(Performance) = preSolution
		HasPerformanceSessions = true
	EndGlobalSection
EndGlobal
